{
  "name": "minhttpserver",
  "version": "1.0.0",
  "lockfileVersion": 2,
  "requires": true,
  "packages": {
    "": {
      "name": "minhttpserver",
      "version": "1.0.0",
      "license": "ISC",
      "dependencies": {
        "gzip-js": "^0.3.2"
      }
    },
    "node_modules/crc32": {
      "version": "0.2.2",
      "resolved": "https://registry.npmjs.org/crc32/-/crc32-0.2.2.tgz",
      "integrity": "sha1-etIg1v/c0Rn5/BJ6d3LKzqOQpLo=",
      "bin": {
        "crc32": "bin/runner.js"
      },
      "engines": {
        "node": ">= 0.4.0"
      }
    },
    "node_modules/deflate-js": {
      "version": "0.2.3",
      "resolved": "https://registry.npmjs.org/deflate-js/-/deflate-js-0.2.3.tgz",
      "integrity": "sha1-+Fq7WOvFFRowYUdHPVfD5PfkQms=",
      "bin": {
        "deflate-js": "bin/deflate.js",
        "inflate-js": "bin/inflate.js"
      },
      "engines": {
        "node": ">= 0.4.0"
      }
    },
    "node_modules/gzip-js": {
      "version": "0.3.2",
      "resolved": "https://registry.npmjs.org/gzip-js/-/gzip-js-0.3.2.tgz",
      "integrity": "sha1-IxF+/usozzhSSN7/Df+tiUg22Ws=",
      "dependencies": {
        "crc32": ">= 0.2.2",
        "deflate-js": ">= 0.2.2"
      },
      "bin": {
        "gunzip-js": "bin/gunzip.js",
        "gzip-js": "bin/gzip.js"
      },
      "engines": {
        "node": ">= 0.4.0"
      }
    }
  },
  "dependencies": {
    "crc32": {
      "version": "0.2.2",
      "resolved": "https://registry.npmjs.org/crc32/-/crc32-0.2.2.tgz",
      "integrity": "sha1-etIg1v/c0Rn5/BJ6d3LKzqOQpLo="
    },
    "deflate-js": {
      "version": "0.2.3",
      "resolved": "https://registry.npmjs.org/deflate-js/-/deflate-js-0.2.3.tgz",
      "integrity": "sha1-+Fq7WOvFFRowYUdHPVfD5PfkQms="
    },
    "gzip-js": {
      "version": "0.3.2",
      "resolved": "https://registry.npmjs.org/gzip-js/-/gzip-js-0.3.2.tgz",
      "integrity": "sha1-IxF+/usozzhSSN7/Df+tiUg22Ws=",
      "requires": {
        "crc32": ">= 0.2.2",
        "deflate-js": ">= 0.2.2"
      }
    }
  }
}
